
Microsoft Visual Studio Solution File, Format Version 12.00
# Visual Studio Version 17
VisualStudioVersion = 17.0.31903.59
MinimumVisualStudioVersion = 10.0.40219.1
Project("{FAE04EC0-301F-11D3-BF4B-00C04F79EFBC}") = "project", "project\project.csproj", "{B1C1C146-BB55-4786-A0DE-2A2F41F43F93}"
EndProject
Project("{FAE04EC0-301F-11D3-BF4B-00C04F79EFBC}") = "project.Tests", "project.Tests\project.Tests.csproj", "{3FC95327-C958-47BE-BBF9-55D056EAC7E6}"
EndProject
Global
	GlobalSection(SolutionConfigurationPlatforms) = preSolution
		Debug|Any CPU = Debug|Any CPU
		Release|Any CPU = Release|Any CPU
	EndGlobalSection
	GlobalSection(SolutionProperties) = preSolution
		HideSolutionNode = FALSE
	EndGlobalSection
	GlobalSection(ProjectConfigurationPlatforms) = postSolution
		{B1C1C146-BB55-4786-A0DE-2A2F41F43F93}.Debug|Any CPU.ActiveCfg = Debug|Any CPU
		{B1C1C146-BB55-4786-A0DE-2A2F41F43F93}.Debug|Any CPU.Build.0 = Debug|Any CPU
		{B1C1C146-BB55-4786-A0DE-2A2F41F43F93}.Release|Any CPU.ActiveCfg = Release|Any CPU
		{B1C1C146-BB55-4786-A0DE-2A2F41F43F93}.Release|Any CPU.Build.0 = Release|Any CPU
		{3FC95327-C958-47BE-BBF9-55D056EAC7E6}.Debug|Any CPU.ActiveCfg = Debug|Any CPU
		{3FC95327-C958-47BE-BBF9-55D056EAC7E6}.Debug|Any CPU.Build.0 = Debug|Any CPU
		{3FC95327-C958-47BE-BBF9-55D056EAC7E6}.Release|Any CPU.ActiveCfg = Release|Any CPU
		{3FC95327-C958-47BE-BBF9-55D056EAC7E6}.Release|Any CPU.Build.0 = Release|Any CPU
	EndGlobalSection
EndGlobal
